
Microsoft Visual Studio Solution File, Format Version 12.00
# Visual Studio Version 16
VisualStudioVersion = 16.0.31424.327
MinimumVisualStudioVersion = 10.0.40219.1
Project("{8BC9CEB8-8B4A-11D0-8D11-00A0C91BC942}") = "Windows Multimedia", "Windows Multimedia\Windows Multimedia.vcxproj", "{FF47AB34-317D-431D-98E1-8486581771C1}"
EndProject
Project("{8BC9CEB8-8B4A-11D0-8D11-00A0C91BC942}") = "soundWM", "soundWM\soundWM.vcxproj", "{32539C7E-E733-4D30-8F0A-5E046C759BAC}"
EndProject
Project("{888888A0-9F3D-457C-B088-3A5042F75D52}") = "provaSound", "provaSound\provaSound.pyproj", "{CE22FF03-B442-4897-8D25-966592DE2382}"
EndProject
Project("{8BC9CEB8-8B4A-11D0-8D11-00A0C91BC942}") = "Peak Windows", "Peak Windows\Peak Windows.vcxproj", "{30EF8341-701D-4F04-93CF-AD37BEE28E9D}"
EndProject
Global
	GlobalSection(SolutionConfigurationPlatforms) = preSolution
		Debug|Any CPU = Debug|Any CPU
		Debug|x64 = Debug|x64
		Debug|x86 = Debug|x86
		Release|Any CPU = Release|Any CPU
		Release|x64 = Release|x64
		Release|x86 = Release|x86
	EndGlobalSection
	GlobalSection(ProjectConfigurationPlatforms) = postSolution
		{FF47AB34-317D-431D-98E1-8486581771C1}.Debug|Any CPU.ActiveCfg = Debug|Win32
		{FF47AB34-317D-431D-98E1-8486581771C1}.Debug|x64.ActiveCfg = Debug|x64
		{FF47AB34-317D-431D-98E1-8486581771C1}.Debug|x64.Build.0 = Debug|x64
		{FF47AB34-317D-431D-98E1-8486581771C1}.Debug|x86.ActiveCfg = Debug|Win32
		{FF47AB34-317D-431D-98E1-8486581771C1}.Debug|x86.Build.0 = Debug|Win32
		{FF47AB34-317D-431D-98E1-8486581771C1}.Release|Any CPU.ActiveCfg = Release|Win32
		{FF47AB34-317D-431D-98E1-8486581771C1}.Release|x64.ActiveCfg = Release|x64
		{FF47AB34-317D-431D-98E1-8486581771C1}.Release|x64.Build.0 = Release|x64
		{FF47AB34-317D-431D-98E1-8486581771C1}.Release|x86.ActiveCfg = Release|Win32
		{FF47AB34-317D-431D-98E1-8486581771C1}.Release|x86.Build.0 = Release|Win32
		{32539C7E-E733-4D30-8F0A-5E046C759BAC}.Debug|Any CPU.ActiveCfg = Debug|Win32
		{32539C7E-E733-4D30-8F0A-5E046C759BAC}.Debug|x64.ActiveCfg = Debug|x64
		{32539C7E-E733-4D30-8F0A-5E046C759BAC}.Debug|x64.Build.0 = Debug|x64
		{32539C7E-E733-4D30-8F0A-5E046C759BAC}.Debug|x86.ActiveCfg = Debug|Win32
		{32539C7E-E733-4D30-8F0A-5E046C759BAC}.Debug|x86.Build.0 = Debug|Win32
		{32539C7E-E733-4D30-8F0A-5E046C759BAC}.Release|Any CPU.ActiveCfg = Release|Win32
		{32539C7E-E733-4D30-8F0A-5E046C759BAC}.Release|x64.ActiveCfg = Release|x64
		{32539C7E-E733-4D30-8F0A-5E046C759BAC}.Release|x64.Build.0 = Release|x64
		{32539C7E-E733-4D30-8F0A-5E046C759BAC}.Release|x86.ActiveCfg = Release|Win32
		{32539C7E-E733-4D30-8F0A-5E046C759BAC}.Release|x86.Build.0 = Release|Win32
		{CE22FF03-B442-4897-8D25-966592DE2382}.Debug|Any CPU.ActiveCfg = Debug|Any CPU
		{CE22FF03-B442-4897-8D25-966592DE2382}.Debug|x64.ActiveCfg = Debug|Any CPU
		{CE22FF03-B442-4897-8D25-966592DE2382}.Debug|x86.ActiveCfg = Debug|Any CPU
		{CE22FF03-B442-4897-8D25-966592DE2382}.Release|Any CPU.ActiveCfg = Release|Any CPU
		{CE22FF03-B442-4897-8D25-966592DE2382}.Release|x64.ActiveCfg = Release|Any CPU
		{CE22FF03-B442-4897-8D25-966592DE2382}.Release|x86.ActiveCfg = Release|Any CPU
		{30EF8341-701D-4F04-93CF-AD37BEE28E9D}.Debug|Any CPU.ActiveCfg = Debug|Win32
		{30EF8341-701D-4F04-93CF-AD37BEE28E9D}.Debug|x64.ActiveCfg = Debug|x64
		{30EF8341-701D-4F04-93CF-AD37BEE28E9D}.Debug|x64.Build.0 = Debug|x64
		{30EF8341-701D-4F04-93CF-AD37BEE28E9D}.Debug|x86.ActiveCfg = Debug|Win32
		{30EF8341-701D-4F04-93CF-AD37BEE28E9D}.Debug|x86.Build.0 = Debug|Win32
		{30EF8341-701D-4F04-93CF-AD37BEE28E9D}.Release|Any CPU.ActiveCfg = Release|Win32
		{30EF8341-701D-4F04-93CF-AD37BEE28E9D}.Release|x64.ActiveCfg = Release|x64
		{30EF8341-701D-4F04-93CF-AD37BEE28E9D}.Release|x64.Build.0 = Release|x64
		{30EF8341-701D-4F04-93CF-AD37BEE28E9D}.Release|x86.ActiveCfg = Release|Win32
		{30EF8341-701D-4F04-93CF-AD37BEE28E9D}.Release|x86.Build.0 = Release|Win32
	EndGlobalSection
	GlobalSection(SolutionProperties) = preSolution
		HideSolutionNode = FALSE
	EndGlobalSection
	GlobalSection(ExtensibilityGlobals) = postSolution
		SolutionGuid = {1614CDBD-485B-4334-BA5B-A8FA7E3FE06A}
	EndGlobalSection
EndGlobal
